// !$*UTF8*$!
{
	archiveVersion = 1;
	classes = {
	};
	objectVersion = 50;
	objects = {

/* Begin PBXBuildFile section */
		1608A3482231DC0200CD09A8 /* AppDelegate.swift in Sources */ = {isa = PBXBuildFile; fileRef = 1608A3472231DC0200CD09A8 /* AppDelegate.swift */; };
		1608A34D2231DC0200CD09A8 /* Main.storyboard in Resources */ = {isa = PBXBuildFile; fileRef = 1608A34B2231DC0200CD09A8 /* Main.storyboard */; };
		1608A34F2231DC0300CD09A8 /* Assets.xcassets in Resources */ = {isa = PBXBuildFile; fileRef = 1608A34E2231DC0300CD09A8 /* Assets.xcassets */; };
		1608A3522231DC0300CD09A8 /* LaunchScreen.storyboard in Resources */ = {isa = PBXBuildFile; fileRef = 1608A3502231DC0300CD09A8 /* LaunchScreen.storyboard */; };
		1608A35D2231DC0300CD09A8 /* ColorsTests.swift in Sources */ = {isa = PBXBuildFile; fileRef = 1608A35C2231DC0300CD09A8 /* ColorsTests.swift */; };
		1608A3682231DC0300CD09A8 /* ColorsUITests.swift in Sources */ = {isa = PBXBuildFile; fileRef = 1608A3672231DC0300CD09A8 /* ColorsUITests.swift */; };
		1608A3762231E2A100CD09A8 /* ColorsViewController.swift in Sources */ = {isa = PBXBuildFile; fileRef = 1608A3752231E2A100CD09A8 /* ColorsViewController.swift */; };
/* End PBXBuildFile section */

/* Begin PBXContainerItemProxy section */
		1608A3592231DC0300CD09A8 /* PBXContainerItemProxy */ = {
			isa = PBXContainerItemProxy;
			containerPortal = 1608A33C2231DC0200CD09A8 /* Project object */;
			proxyType = 1;
			remoteGlobalIDString = 1608A3432231DC0200CD09A8;
			remoteInfo = Colors;
		};
		1608A3642231DC0300CD09A8 /* PBXContainerItemProxy */ = {
			isa = PBXContainerItemProxy;
			containerPortal = 1608A33C2231DC0200CD09A8 /* Project object */;
			proxyType = 1;
			remoteGlobalIDString = 1608A3432231DC0200CD09A8;
			remoteInfo = Colors;
		};
/* End PBXContainerItemProxy section */

/* Begin PBXFileReference section */
		1608A3442231DC0200CD09A8 /* Colors.app */ = {isa = PBXFileReference; explicitFileType = wrapper.application; includeInIndex = 0; path = Colors.app; sourceTree = BUILT_PRODUCTS_DIR; };
		1608A3472231DC0200CD09A8 /* AppDelegate.swift */ = {isa = PBXFileReference; lastKnownFileType = sourcecode.swift; path = AppDelegate.swift; sourceTree = "<group>"; };
		1608A34C2231DC0200CD09A8 /* Base */ = {isa = PBXFileReference; lastKnownFileType = file.storyboard; name = Base; path = Base.lproj/Main.storyboard; sourceTree = "<group>"; };
		1608A34E2231DC0300CD09A8 /* Assets.xcassets */ = {isa = PBXFileReference; lastKnownFileType = folder.assetcatalog; path = Assets.xcassets; sourceTree = "<group>"; };
		1608A3512231DC0300CD09A8 /* Base */ = {isa = PBXFileReference; lastKnownFileType = file.storyboard; name = Base; path = Base.lproj/LaunchScreen.storyboard; sourceTree = "<group>"; };
		1608A3532231DC0300CD09A8 /* Info.plist */ = {isa = PBXFileReference; lastKnownFileType = text.plist.xml; path = Info.plist; sourceTree = "<group>"; };
		1608A3582231DC0300CD09A8 /* ColorsTests.xctest */ = {isa = PBXFileReference; explicitFileType = wrapper.cfbundle; includeInIndex = 0; path = ColorsTests.xctest; sourceTree = BUILT_PRODUCTS_DIR; };
		1608A35C2231DC0300CD09A8 /* ColorsTests.swift */ = {isa = PBXFileReference; lastKnownFileType = sourcecode.swift; path = ColorsTests.swift; sourceTree = "<group>"; };
		1608A35E2231DC0300CD09A8 /* Info.plist */ = {isa = PBXFileReference; lastKnownFileType = text.plist.xml; path = Info.plist; sourceTree = "<group>"; };
		1608A3632231DC0300CD09A8 /* ColorsUITests.xctest */ = {isa = PBXFileReference; explicitFileType = wrapper.cfbundle; includeInIndex = 0; path = ColorsUITests.xctest; sourceTree = BUILT_PRODUCTS_DIR; };
		1608A3672231DC0300CD09A8 /* ColorsUITests.swift */ = {isa = PBXFileReference; lastKnownFileType = sourcecode.swift; path = ColorsUITests.swift; sourceTree = "<group>"; };
		1608A3692231DC0300CD09A8 /* Info.plist */ = {isa = PBXFileReference; lastKnownFileType = text.plist.xml; path = Info.plist; sourceTree = "<group>"; };
		1608A3752231E2A100CD09A8 /* ColorsViewController.swift */ = {isa = PBXFileReference; lastKnownFileType = sourcecode.swift; path = ColorsViewController.swift; sourceTree = "<group>"; };
/* End PBXFileReference section */

/* Begin PBXFrameworksBuildPhase section */
		1608A3412231DC0200CD09A8 /* Frameworks */ = {
			isa = PBXFrameworksBuildPhase;
			buildActionMask = 2147483647;
			files = (
			);
			runOnlyForDeploymentPostprocessing = 0;
		};
		1608A3552231DC0300CD09A8 /* Frameworks */ = {
			isa = PBXFrameworksBuildPhase;
			buildActionMask = 2147483647;
			files = (
			);
			runOnlyForDeploymentPostprocessing = 0;
		};
		1608A3602231DC0300CD09A8 /* Frameworks */ = {
			isa = PBXFrameworksBuildPhase;
			buildActionMask = 2147483647;
			files = (
			);
			runOnlyForDeploymentPostprocessing = 0;
		};
/* End PBXFrameworksBuildPhase section */

/* Begin PBXGroup section */
		1608A33B2231DC0200CD09A8 = {
			isa = PBXGroup;
			children = (
				1608A3462231DC0200CD09A8 /* Colors */,
				1608A35B2231DC0300CD09A8 /* ColorsTests */,
				1608A3662231DC0300CD09A8 /* ColorsUITests */,
				1608A3452231DC0200CD09A8 /* Products */,
			);
			sourceTree = "<group>";
		};
		1608A3452231DC0200CD09A8 /* Products */ = {
			isa = PBXGroup;
			children = (
				1608A3442231DC0200CD09A8 /* Colors.app */,
				1608A3582231DC0300CD09A8 /* ColorsTests.xctest */,
				1608A3632231DC0300CD09A8 /* ColorsUITests.xctest */,
			);
			name = Products;
			sourceTree = "<group>";
		};
		1608A3462231DC0200CD09A8 /* Colors */ = {
			isa = PBXGroup;
			children = (
				1608A3472231DC0200CD09A8 /* AppDelegate.swift */,
				1608A34B2231DC0200CD09A8 /* Main.storyboard */,
				1608A34E2231DC0300CD09A8 /* Assets.xcassets */,
				1608A3502231DC0300CD09A8 /* LaunchScreen.storyboard */,
				1608A3532231DC0300CD09A8 /* Info.plist */,
				1608A3752231E2A100CD09A8 /* ColorsViewController.swift */,
			);
			path = Colors;
			sourceTree = "<group>";
		};
		1608A35B2231DC0300CD09A8 /* ColorsTests */ = {
			isa = PBXGroup;
			children = (
				1608A35C2231DC0300CD09A8 /* ColorsTests.swift */,
				1608A35E2231DC0300CD09A8 /* Info.plist */,
			);
			path = ColorsTests;
			sourceTree = "<group>";
		};
		1608A3662231DC0300CD09A8 /* ColorsUITests */ = {
			isa = PBXGroup;
			children = (
				1608A3672231DC0300CD09A8 /* ColorsUITests.swift */,
				1608A3692231DC0300CD09A8 /* Info.plist */,
			);
			path = ColorsUITests;
			sourceTree = "<group>";
		};
/* End PBXGroup section */

/* Begin PBXNativeTarget section */
		1608A3432231DC0200CD09A8 /* Colors */ = {
			isa = PBXNativeTarget;
			buildConfigurationList = 1608A36C2231DC0300CD09A8 /* Build configuration list for PBXNativeTarget "Colors" */;
			buildPhases = (
				1608A3402231DC0200CD09A8 /* Sources */,
				1608A3412231DC0200CD09A8 /* Frameworks */,
				1608A3422231DC0200CD09A8 /* Resources */,
			);
			buildRules = (
			);
			dependencies = (
			);
			name = Colors;
			productName = Colors;
			productReference = 1608A3442231DC0200CD09A8 /* Colors.app */;
			productType = "com.apple.product-type.application";
		};
		1608A3572231DC0300CD09A8 /* ColorsTests */ = {
			isa = PBXNativeTarget;
			buildConfigurationList = 1608A36F2231DC0300CD09A8 /* Build configuration list for PBXNativeTarget "ColorsTests" */;
			buildPhases = (
				1608A3542231DC0300CD09A8 /* Sources */,
				1608A3552231DC0300CD09A8 /* Frameworks */,
				1608A3562231DC0300CD09A8 /* Resources */,
			);
			buildRules = (
			);
			dependencies = (
				1608A35A2231DC0300CD09A8 /* PBXTargetDependency */,
			);
			name = ColorsTests;
			productName = ColorsTests;
			productReference = 1608A3582231DC0300CD09A8 /* ColorsTests.xctest */;
			productType = "com.apple.product-type.bundle.unit-test";
		};
		1608A3622231DC0300CD09A8 /* ColorsUITests */ = {
			isa = PBXNativeTarget;
			buildConfigurationList = 1608A3722231DC0300CD09A8 /* Build configuration list for PBXNativeTarget "ColorsUITests" */;
			buildPhases = (
				1608A35F2231DC0300CD09A8 /* Sources */,
				1608A3602231DC0300CD09A8 /* Frameworks */,
				1608A3612231DC0300CD09A8 /* Resources */,
			);
			buildRules = (
			);
			dependencies = (
				1608A3652231DC0300CD09A8 /* PBXTargetDependency */,
			);
			name = ColorsUITests;
			productName = ColorsUITests;
			productReference = 1608A3632231DC0300CD09A8 /* ColorsUITests.xctest */;
			productType = "com.apple.product-type.bundle.ui-testing";
		};
/* End PBXNativeTarget section */

/* Begin PBXProject section */
		1608A33C2231DC0200CD09A8 /* Project object */ = {
			isa = PBXProject;
			attributes = {
				LastSwiftUpdateCheck = 1010;
				LastUpgradeCheck = 1010;
				ORGANIZATIONNAME = "Julia Wopata";
				TargetAttributes = {
					1608A3432231DC0200CD09A8 = {
						CreatedOnToolsVersion = 10.1;
					};
					1608A3572231DC0300CD09A8 = {
						CreatedOnToolsVersion = 10.1;
						TestTargetID = 1608A3432231DC0200CD09A8;
					};
					1608A3622231DC0300CD09A8 = {
						CreatedOnToolsVersion = 10.1;
						TestTargetID = 1608A3432231DC0200CD09A8;
					};
				};
			};
			buildConfigurationList = 1608A33F2231DC0200CD09A8 /* Build configuration list for PBXProject "Colors" */;
			compatibilityVersion = "Xcode 9.3";
			developmentRegion = en;
			hasScannedForEncodings = 0;
			knownRegions = (
				en,
				Base,
			);
			mainGroup = 1608A33B2231DC0200CD09A8;
			productRefGroup = 1608A3452231DC0200CD09A8 /* Products */;
			projectDirPath = "";
			projectRoot = "";
			targets = (
				1608A3432231DC0200CD09A8 /* Colors */,
				1608A3572231DC0300CD09A8 /* ColorsTests */,
				1608A3622231DC0300CD09A8 /* ColorsUITests */,
			);
		};
/* End PBXProject section */

/* Begin PBXResourcesBuildPhase section */
		1608A3422231DC0200CD09A8 /* Resources */ = {
			isa = PBXResourcesBuildPhase;
			buildActionMask = 2147483647;
			files = (
				1608A3522231DC0300CD09A8 /* LaunchScreen.storyboard in Resources */,
				1608A34F2231DC0300CD09A8 /* Assets.xcassets in Resources */,
				1608A34D2231DC0200CD09A8 /* Main.storyboard in Resources */,
			);
			runOnlyForDeploymentPostprocessing = 0;
		};
		1608A3562231DC0300CD09A8 /* Resources */ = {
			isa = PBXResourcesBuildPhase;
			buildActionMask = 2147483647;
			files = (
			);
			runOnlyForDeploymentPostprocessing = 0;
		};
		1608A3612231DC0300CD09A8 /* Resources */ = {
			isa = PBXResourcesBuildPhase;
			buildActionMask = 2147483647;
			files = (
			);
			runOnlyForDeploymentPostprocessing = 0;
		};
/* End PBXResourcesBuildPhase section */

/* Begin PBXSourcesBuildPhase section */
		1608A3402231DC0200CD09A8 /* Sources */ = {
			isa = PBXSourcesBuildPhase;
			buildActionMask = 2147483647;
			files = (
				1608A3762231E2A100CD09A8 /* ColorsViewController.swift in Sources */,
				1608A3482231DC0200CD09A8 /* AppDelegate.swift in Sources */,
			);
			runOnlyForDeploymentPostprocessing = 0;
		};
		1608A3542231DC0300CD09A8 /* Sources */ = {
			isa = PBXSourcesBuildPhase;
			buildActionMask = 2147483647;
			files = (
				1608A35D2231DC0300CD09A8 /* ColorsTests.swift in Sources */,
			);
			runOnlyForDeploymentPostprocessing = 0;
		};
		1608A35F2231DC0300CD09A8 /* Sources */ = {
			isa = PBXSourcesBuildPhase;
			buildActionMask = 2147483647;
			files = (
				1608A3682231DC0300CD09A8 /* ColorsUITests.swift in Sources */,
			);
			runOnlyForDeploymentPostprocessing = 0;
		};
/* End PBXSourcesBuildPhase section */

/* Begin PBXTargetDependency section */
		1608A35A2231DC0300CD09A8 /* PBXTargetDependency */ = {
			isa = PBXTargetDependency;
			target = 1608A3432231DC0200CD09A8 /* Colors */;
			targetProxy = 1608A3592231DC0300CD09A8 /* PBXContainerItemProxy */;
		};
		1608A3652231DC0300CD09A8 /* PBXTargetDependency */ = {
			isa = PBXTargetDependency;
			target = 1608A3432231DC0200CD09A8 /* Colors */;
			targetProxy = 1608A3642231DC0300CD09A8 /* PBXContainerItemProxy */;
		};
/* End PBXTargetDependency section */

/* Begin PBXVariantGroup section */
		1608A34B2231DC0200CD09A8 /* Main.storyboard */ = {
			isa = PBXVariantGroup;
			children = (
				1608A34C2231DC0200CD09A8 /* Base */,
			);
			name = Main.storyboard;
			sourceTree = "<group>";
		};
		1608A3502231DC0300CD09A8 /* LaunchScreen.storyboard */ = {
			isa = PBXVariantGroup;
			children = (
				1608A3512231DC0300CD09A8 /* Base */,
			);
			name = LaunchScreen.storyboard;
			sourceTree = "<group>";
		};
/* End PBXVariantGroup section */

/* Begin XCBuildConfiguration section */
		1608A36A2231DC0300CD09A8 /* Debug */ = {
			isa = XCBuildConfiguration;
			buildSettings = {
				ALWAYS_SEARCH_USER_PATHS = NO;
				CLANG_ANALYZER_NONNULL = YES;
				CLANG_ANALYZER_NUMBER_OBJECT_CONVERSION = YES_AGGRESSIVE;
				CLANG_CXX_LANGUAGE_STANDARD = "gnu++14";
				CLANG_CXX_LIBRARY = "libc++";
				CLANG_ENABLE_MODULES = YES;
				CLANG_ENABLE_OBJC_ARC = YES;
				CLANG_ENABLE_OBJC_WEAK = YES;
				CLANG_WARN_BLOCK_CAPTURE_AUTORELEASING = YES;
				CLANG_WARN_BOOL_CONVERSION = YES;
				CLANG_WARN_COMMA = YES;
				CLANG_WARN_CONSTANT_CONVERSION = YES;
				CLANG_WARN_DEPRECATED_OBJC_IMPLEMENTATIONS = YES;
				CLANG_WARN_DIRECT_OBJC_ISA_USAGE = YES_ERROR;
				CLANG_WARN_DOCUMENTATION_COMMENTS = YES;
				CLANG_WARN_EMPTY_BODY = YES;
				CLANG_WARN_ENUM_CONVERSION = YES;
				CLANG_WARN_INFINITE_RECURSION = YES;
				CLANG_WARN_INT_CONVERSION = YES;
				CLANG_WARN_NON_LITERAL_NULL_CONVERSION = YES;
				CLANG_WARN_OBJC_IMPLICIT_RETAIN_SELF = YES;
				CLANG_WARN_OBJC_LITERAL_CONVERSION = YES;
				CLANG_WARN_OBJC_ROOT_CLASS = YES_ERROR;
				CLANG_WARN_RANGE_LOOP_ANALYSIS = YES;
				CLANG_WARN_STRICT_PROTOTYPES = YES;
				CLANG_WARN_SUSPICIOUS_MOVE = YES;
				CLANG_WARN_UNGUARDED_AVAILABILITY = YES_AGGRESSIVE;
				CLANG_WARN_UNREACHABLE_CODE = YES;
				CLANG_WARN__DUPLICATE_METHOD_MATCH = YES;
				CODE_SIGN_IDENTITY = "iPhone Developer";
				COPY_PHASE_STRIP = NO;
				DEBUG_INFORMATION_FORMAT = dwarf;
				ENABLE_STRICT_OBJC_MSGSEND = YES;
				ENABLE_TESTABILITY = YES;
				GCC_C_LANGUAGE_STANDARD = gnu11;
				GCC_DYNAMIC_NO_PIC = NO;
				GCC_NO_COMMON_BLOCKS = YES;
				GCC_OPTIMIZATION_LEVEL = 0;
				GCC_PREPROCESSOR_DEFINITIONS = (
					"DEBUG=1",
					"$(inherited)",
				);
				GCC_WARN_64_TO_32_BIT_CONVERSION = YES;
				GCC_WARN_ABOUT_RETURN_TYPE = YES_ERROR;
				GCC_WARN_UNDECLARED_SELECTOR = YES;
				GCC_WARN_UNINITIALIZED_AUTOS = YES_AGGRESSIVE;
				GCC_WARN_UNUSED_FUNCTION = YES;
				GCC_WARN_UNUSED_VARIABLE = YES;
				IPHONEOS_DEPLOYMENT_TARGET = 12.1;
				MTL_ENABLE_DEBUG_INFO = INCLUDE_SOURCE;
				MTL_FAST_MATH = YES;
				ONLY_ACTIVE_ARCH = YES;
				SDKROOT = iphoneos;
				SWIFT_ACTIVE_COMPILATION_CONDITIONS = DEBUG;
				SWIFT_OPTIMIZATION_LEVEL = "-Onone";
			};
			name = Debug;
		};
		1608A36B2231DC0300CD09A8 /* Release */ = {
			isa = XCBuildConfiguration;
			buildSettings = {
				ALWAYS_SEARCH_USER_PATHS = NO;
				CLANG_ANALYZER_NONNULL = YES;
				CLANG_ANALYZER_NUMBER_OBJECT_CONVERSION = YES_AGGRESSIVE;
				CLANG_CXX_LANGUAGE_STANDARD = "gnu++14";
				CLANG_CXX_LIBRARY = "libc++";
				CLANG_ENABLE_MODULES = YES;
				CLANG_ENABLE_OBJC_ARC = YES;
				CLANG_ENABLE_OBJC_WEAK = YES;
				CLANG_WARN_BLOCK_CAPTURE_AUTORELEASING = YES;
				CLANG_WARN_BOOL_CONVERSION = YES;
				CLANG_WARN_COMMA = YES;
				CLANG_WARN_CONSTANT_CONVERSION = YES;
				CLANG_WARN_DEPRECATED_OBJC_IMPLEMENTATIONS = YES;
				CLANG_WARN_DIRECT_OBJC_ISA_USAGE = YES_ERROR;
				CLANG_WARN_DOCUMENTATION_COMMENTS = YES;
				CLANG_WARN_EMPTY_BODY = YES;
				CLANG_WARN_ENUM_CONVERSION = YES;
				CLANG_WARN_INFINITE_RECURSION = YES;
				CLANG_WARN_INT_CONVERSION = YES;
				CLANG_WARN_NON_LITERAL_NULL_CONVERSION = YES;
				CLANG_WARN_OBJC_IMPLICIT_RETAIN_SELF = YES;
				CLANG_WARN_OBJC_LITERAL_CONVERSION = YES;
				CLANG_WARN_OBJC_ROOT_CLASS = YES_ERROR;
				CLANG_WARN_RANGE_LOOP_ANALYSIS = YES;
				CLANG_WARN_STRICT_PROTOTYPES = YES;
				CLANG_WARN_SUSPICIOUS_MOVE = YES;
				CLANG_WARN_UNGUARDED_AVAILABILITY = YES_AGGRESSIVE;
				CLANG_WARN_UNREACHABLE_CODE = YES;
				CLANG_WARN__DUPLICATE_METHOD_MATCH = YES;
				CODE_SIGN_IDENTITY = "iPhone Developer";
				COPY_PHASE_STRIP = NO;
				DEBUG_INFORMATION_FORMAT = "dwarf-with-dsym";
				ENABLE_NS_ASSERTIONS = NO;
				ENABLE_STRICT_OBJC_MSGSEND = YES;
				GCC_C_LANGUAGE_STANDARD = gnu11;
				GCC_NO_COMMON_BLOCKS = YES;
				GCC_WARN_64_TO_32_BIT_CONVERSION = YES;
				GCC_WARN_ABOUT_RETURN_TYPE = YES_ERROR;
				GCC_WARN_UNDECLARED_SELECTOR = YES;
				GCC_WARN_UNINITIALIZED_AUTOS = YES_AGGRESSIVE;
				GCC_WARN_UNUSED_FUNCTION = YES;
				GCC_WARN_UNUSED_VARIABLE = YES;
				IPHONEOS_DEPLOYMENT_TARGET = 12.1;
				MTL_ENABLE_DEBUG_INFO = NO;
				MTL_FAST_MATH = YES;
				SDKROOT = iphoneos;
				SWIFT_COMPILATION_MODE = wholemodule;
				SWIFT_OPTIMIZATION_LEVEL = "-O";
				VALIDATE_PRODUCT = YES;
			};
			name = Release;
		};
		1608A36D2231DC0300CD09A8 /* Debug */ = {
			isa = XCBuildConfiguration;
			buildSettings = {
				ASSETCATALOG_COMPILER_APPICON_NAME = AppIcon;
				CODE_SIGN_STYLE = Automatic;
				DEVELOPMENT_TEAM = 8N7B9WP3WQ;
				INFOPLIST_FILE = Colors/Info.plist;
				LD_RUNPATH_SEARCH_PATHS = (
					"$(inherited)",
					"@executable_path/Frameworks",
				);
				PRODUCT_BUNDLE_IDENTIFIER = edu.missouri.Colors;
				PRODUCT_NAME = "$(TARGET_NAME)";
				SWIFT_VERSION = 4.2;
				TARGETED_DEVICE_FAMILY = "1,2";
			};
			name = Debug;
		};
		1608A36E2231DC0300CD09A8 /* Release */ = {
			isa = XCBuildConfiguration;
			buildSettings = {
				ASSETCATALOG_COMPILER_APPICON_NAME = AppIcon;
				CODE_SIGN_STYLE = Automatic;
				DEVELOPMENT_TEAM = 8N7B9WP3WQ;
				INFOPLIST_FILE = Colors/Info.plist;
				LD_RUNPATH_SEARCH_PATHS = (
					"$(inherited)",
					"@executable_path/Frameworks",
				);
				PRODUCT_BUNDLE_IDENTIFIER = edu.missouri.Colors;
				PRODUCT_NAME = "$(TARGET_NAME)";
				SWIFT_VERSION = 4.2;
				TARGETED_DEVICE_FAMILY = "1,2";
			};
			name = Release;
		};
		1608A3702231DC0300CD09A8 /* Debug */ = {
			isa = XCBuildConfiguration;
			buildSettings = {
				ALWAYS_EMBED_SWIFT_STANDARD_LIBRARIES = YES;
				BUNDLE_LOADER = "$(TEST_HOST)";
				CODE_SIGN_STYLE = Automatic;
				DEVELOPMENT_TEAM = 8N7B9WP3WQ;
				INFOPLIST_FILE = ColorsTests/Info.plist;
				LD_RUNPATH_SEARCH_PATHS = (
					"$(inherited)",
					"@executable_path/Frameworks",
					"@loader_path/Frameworks",
				);
				PRODUCT_BUNDLE_IDENTIFIER = edu.missouri.ColorsTests;
				PRODUCT_NAME = "$(TARGET_NAME)";
				SWIFT_VERSION = 4.2;
				TARGETED_DEVICE_FAMILY = "1,2";
				TEST_HOST = "$(BUILT_PRODUCTS_DIR)/Colors.app/Colors";
			};
			name = Debug;
		};
		1608A3712231DC0300CD09A8 /* Release */ = {
			isa = XCBuildConfiguration;
			buildSettings = {
				ALWAYS_EMBED_SWIFT_STANDARD_LIBRARIES = YES;
				BUNDLE_LOADER = "$(TEST_HOST)";
				CODE_SIGN_STYLE = Automatic;
				DEVELOPMENT_TEAM = 8N7B9WP3WQ;
				INFOPLIST_FILE = ColorsTests/Info.plist;
				LD_RUNPATH_SEARCH_PATHS = (
					"$(inherited)",
					"@executable_path/Frameworks",
					"@loader_path/Frameworks",
				);
				PRODUCT_BUNDLE_IDENTIFIER = edu.missouri.ColorsTests;
				PRODUCT_NAME = "$(TARGET_NAME)";
				SWIFT_VERSION = 4.2;
				TARGETED_DEVICE_FAMILY = "1,2";
				TEST_HOST = "$(BUILT_PRODUCTS_DIR)/Colors.app/Colors";
			};
			name = Release;
		};
		1608A3732231DC0300CD09A8 /* Debug */ = {
			isa = XCBuildConfiguration;
			buildSettings = {
				ALWAYS_EMBED_SWIFT_STANDARD_LIBRARIES = YES;
				CODE_SIGN_STYLE = Automatic;
				DEVELOPMENT_TEAM = 8N7B9WP3WQ;
				INFOPLIST_FILE = ColorsUITests/Info.plist;
				LD_RUNPATH_SEARCH_PATHS = (
					"$(inherited)",
					"@executable_path/Frameworks",
					"@loader_path/Frameworks",
				);
				PRODUCT_BUNDLE_IDENTIFIER = edu.missouri.ColorsUITests;
				PRODUCT_NAME = "$(TARGET_NAME)";
				SWIFT_VERSION = 4.2;
				TARGETED_DEVICE_FAMILY = "1,2";
				TEST_TARGET_NAME = Colors;
			};
			name = Debug;
		};
		1608A3742231DC0300CD09A8 /* Release */ = {
			isa = XCBuildConfiguration;
			buildSettings = {
				ALWAYS_EMBED_SWIFT_STANDARD_LIBRARIES = YES;
				CODE_SIGN_STYLE = Automatic;
				DEVELOPMENT_TEAM = 8N7B9WP3WQ;
				INFOPLIST_FILE = ColorsUITests/Info.plist;
				LD_RUNPATH_SEARCH_PATHS = (
					"$(inherited)",
					"@executable_path/Frameworks",
					"@loader_path/Frameworks",
				);
				PRODUCT_BUNDLE_IDENTIFIER = edu.missouri.ColorsUITests;
				PRODUCT_NAME = "$(TARGET_NAME)";
				SWIFT_VERSION = 4.2;
				TARGETED_DEVICE_FAMILY = "1,2";
				TEST_TARGET_NAME = Colors;
			};
			name = Release;
		};
/* End XCBuildConfiguration section */

/* Begin XCConfigurationList section */
		1608A33F2231DC0200CD09A8 /* Build configuration list for PBXProject "Colors" */ = {
			isa = XCConfigurationList;
			buildConfigurations = (
				1608A36A2231DC0300CD09A8 /* Debug */,
				1608A36B2231DC0300CD09A8 /* Release */,
			);
			defaultConfigurationIsVisible = 0;
			defaultConfigurationName = Release;
		};
		1608A36C2231DC0300CD09A8 /* Build configuration list for PBXNativeTarget "Colors" */ = {
			isa = XCConfigurationList;
			buildConfigurations = (
				1608A36D2231DC0300CD09A8 /* Debug */,
				1608A36E2231DC0300CD09A8 /* Release */,
			);
			defaultConfigurationIsVisible = 0;
			defaultConfigurationName = Release;
		};
		1608A36F2231DC0300CD09A8 /* Build configuration list for PBXNativeTarget "ColorsTests" */ = {
			isa = XCConfigurationList;
			buildConfigurations = (
				1608A3702231DC0300CD09A8 /* Debug */,
				1608A3712231DC0300CD09A8 /* Release */,
			);
			defaultConfigurationIsVisible = 0;
			defaultConfigurationName = Release;
		};
		1608A3722231DC0300CD09A8 /* Build configuration list for PBXNativeTarget "ColorsUITests" */ = {
			isa = XCConfigurationList;
			buildConfigurations = (
				1608A3732231DC0300CD09A8 /* Debug */,
				1608A3742231DC0300CD09A8 /* Release */,
			);
			defaultConfigurationIsVisible = 0;
			defaultConfigurationName = Release;
		};
/* End XCConfigurationList section */
	};
	rootObject = 1608A33C2231DC0200CD09A8 /* Project object */;
}
